
Microsoft Visual Studio Solution File, Format Version 12.00
# Visual Studio Version 16
VisualStudioVersion = 16.0.32106.194
MinimumVisualStudioVersion = 10.0.40219.1
Project("{FAE04EC0-301F-11D3-BF4B-00C04F79EFBC}") = "Airport", "Airport\Airport.csproj", "{39744095-2735-433B-AB5E-2FB16700937D}"
EndProject
Global
	GlobalSection(SolutionConfigurationPlatforms) = preSolution
		Debug|Any CPU = Debug|Any CPU
		Release|Any CPU = Release|Any CPU
	EndGlobalSection
	GlobalSection(ProjectConfigurationPlatforms) = postSolution
		{39744095-2735-433B-AB5E-2FB16700937D}.Debug|Any CPU.ActiveCfg = Debug|Any CPU
		{39744095-2735-433B-AB5E-2FB16700937D}.Debug|Any CPU.Build.0 = Debug|Any CPU
		{39744095-2735-433B-AB5E-2FB16700937D}.Release|Any CPU.ActiveCfg = Release|Any CPU
		{39744095-2735-433B-AB5E-2FB16700937D}.Release|Any CPU.Build.0 = Release|Any CPU
	EndGlobalSection
	GlobalSection(SolutionProperties) = preSolution
		HideSolutionNode = FALSE
	EndGlobalSection
	GlobalSection(ExtensibilityGlobals) = postSolution
		SolutionGuid = {EA446E9A-EB83-4891-8230-FF6950AED2F1}
	EndGlobalSection
EndGlobal
